// !$*UTF8*$!
{
	archiveVersion = 1;
	classes = {
	};
	objectVersion = 50;
	objects = {

/* Begin PBXAggregateTarget section */
		691633FB210AE476004AB0ED /* h3Swift-Universal */ = {
			isa = PBXAggregateTarget;
			buildConfigurationList = 691633FE210AE476004AB0ED /* Build configuration list for PBXAggregateTarget "h3Swift-Universal" */;
			buildPhases = (
				691633FF210AE48A004AB0ED /* ShellScript */,
			);
			dependencies = (
			);
			name = "h3Swift-Universal";
			productName = "h3Swift-Universal";
		};
/* End PBXAggregateTarget section */

/* Begin PBXBuildFile section */
		691633E9210AE1EC004AB0ED /* h3Swift.h in Headers */ = {isa = PBXBuildFile; fileRef = 691633E7210AE1EC004AB0ED /* h3Swift.h */; settings = {ATTRIBUTES = (Public, ); }; };
		69163401210AE76C004AB0ED /* h3.swift in Sources */ = {isa = PBXBuildFile; fileRef = 69163400210AE76C004AB0ED /* h3.swift */; };
		69163409210AE78C004AB0ED /* AppDelegate.swift in Sources */ = {isa = PBXBuildFile; fileRef = 69163408210AE78C004AB0ED /* AppDelegate.swift */; };
		6916340B210AE78C004AB0ED /* ViewController.swift in Sources */ = {isa = PBXBuildFile; fileRef = 6916340A210AE78C004AB0ED /* ViewController.swift */; };
		6916340E210AE78C004AB0ED /* Main.storyboard in Resources */ = {isa = PBXBuildFile; fileRef = 6916340C210AE78C004AB0ED /* Main.storyboard */; };
		69163410210AE78D004AB0ED /* Assets.xcassets in Resources */ = {isa = PBXBuildFile; fileRef = 6916340F210AE78D004AB0ED /* Assets.xcassets */; };
		69163413210AE78D004AB0ED /* LaunchScreen.storyboard in Resources */ = {isa = PBXBuildFile; fileRef = 69163411210AE78D004AB0ED /* LaunchScreen.storyboard */; };
		6916341C210AE7A7004AB0ED /* h3Swift.framework in Frameworks */ = {isa = PBXBuildFile; fileRef = 6916341B210AE7A7004AB0ED /* h3Swift.framework */; };
/* End PBXBuildFile section */

/* Begin PBXContainerItemProxy section */
		69163418210AE796004AB0ED /* PBXContainerItemProxy */ = {
			isa = PBXContainerItemProxy;
			containerPortal = 691633DB210AE1EC004AB0ED /* Project object */;
			proxyType = 1;
			remoteGlobalIDString = 691633FB210AE476004AB0ED;
			remoteInfo = "h3Swift-Universal";
		};
/* End PBXContainerItemProxy section */

/* Begin PBXFileReference section */
		691633E4210AE1EC004AB0ED /* h3Swift.framework */ = {isa = PBXFileReference; explicitFileType = wrapper.framework; includeInIndex = 0; path = h3Swift.framework; sourceTree = BUILT_PRODUCTS_DIR; };
		691633E7210AE1EC004AB0ED /* h3Swift.h */ = {isa = PBXFileReference; lastKnownFileType = sourcecode.c.h; path = h3Swift.h; sourceTree = "<group>"; };
		691633E8210AE1EC004AB0ED /* Info.plist */ = {isa = PBXFileReference; lastKnownFileType = text.plist.xml; path = Info.plist; sourceTree = "<group>"; };
		69163400210AE76C004AB0ED /* h3.swift */ = {isa = PBXFileReference; lastKnownFileType = sourcecode.swift; path = h3.swift; sourceTree = "<group>"; };
		69163406210AE78C004AB0ED /* h3SwiftApp.app */ = {isa = PBXFileReference; explicitFileType = wrapper.application; includeInIndex = 0; path = h3SwiftApp.app; sourceTree = BUILT_PRODUCTS_DIR; };
		69163408210AE78C004AB0ED /* AppDelegate.swift */ = {isa = PBXFileReference; lastKnownFileType = sourcecode.swift; path = AppDelegate.swift; sourceTree = "<group>"; };
		6916340A210AE78C004AB0ED /* ViewController.swift */ = {isa = PBXFileReference; lastKnownFileType = sourcecode.swift; path = ViewController.swift; sourceTree = "<group>"; };
		6916340D210AE78C004AB0ED /* Base */ = {isa = PBXFileReference; lastKnownFileType = file.storyboard; name = Base; path = Base.lproj/Main.storyboard; sourceTree = "<group>"; };
		6916340F210AE78D004AB0ED /* Assets.xcassets */ = {isa = PBXFileReference; lastKnownFileType = folder.assetcatalog; path = Assets.xcassets; sourceTree = "<group>"; };
		69163412210AE78D004AB0ED /* Base */ = {isa = PBXFileReference; lastKnownFileType = file.storyboard; name = Base; path = Base.lproj/LaunchScreen.storyboard; sourceTree = "<group>"; };
		69163414210AE78D004AB0ED /* Info.plist */ = {isa = PBXFileReference; lastKnownFileType = text.plist.xml; path = Info.plist; sourceTree = "<group>"; };
		6916341B210AE7A7004AB0ED /* h3Swift.framework */ = {isa = PBXFileReference; lastKnownFileType = wrapper.framework; name = h3Swift.framework; path = "Output/h3Swift-Debug-iphoneuniversal/h3Swift.framework"; sourceTree = "<group>"; };
/* End PBXFileReference section */

/* Begin PBXFrameworksBuildPhase section */
		691633E0210AE1EC004AB0ED /* Frameworks */ = {
			isa = PBXFrameworksBuildPhase;
			buildActionMask = 2147483647;
			files = (
			);
			runOnlyForDeploymentPostprocessing = 0;
		};
		69163403210AE78C004AB0ED /* Frameworks */ = {
			isa = PBXFrameworksBuildPhase;
			buildActionMask = 2147483647;
			files = (
				6916341C210AE7A7004AB0ED /* h3Swift.framework in Frameworks */,
			);
			runOnlyForDeploymentPostprocessing = 0;
		};
/* End PBXFrameworksBuildPhase section */

/* Begin PBXGroup section */
		691633DA210AE1EC004AB0ED = {
			isa = PBXGroup;
			children = (
				691633E6210AE1EC004AB0ED /* h3Swift */,
				69163407210AE78C004AB0ED /* h3SwiftApp */,
				691633E5210AE1EC004AB0ED /* Products */,
				6916341A210AE7A6004AB0ED /* Frameworks */,
			);
			sourceTree = "<group>";
		};
		691633E5210AE1EC004AB0ED /* Products */ = {
			isa = PBXGroup;
			children = (
				691633E4210AE1EC004AB0ED /* h3Swift.framework */,
				69163406210AE78C004AB0ED /* h3SwiftApp.app */,
			);
			name = Products;
			sourceTree = "<group>";
		};
		691633E6210AE1EC004AB0ED /* h3Swift */ = {
			isa = PBXGroup;
			children = (
				691633E7210AE1EC004AB0ED /* h3Swift.h */,
				691633E8210AE1EC004AB0ED /* Info.plist */,
				69163400210AE76C004AB0ED /* h3.swift */,
			);
			path = h3Swift;
			sourceTree = "<group>";
		};
		69163407210AE78C004AB0ED /* h3SwiftApp */ = {
			isa = PBXGroup;
			children = (
				69163408210AE78C004AB0ED /* AppDelegate.swift */,
				6916340A210AE78C004AB0ED /* ViewController.swift */,
				6916340C210AE78C004AB0ED /* Main.storyboard */,
				6916340F210AE78D004AB0ED /* Assets.xcassets */,
				69163411210AE78D004AB0ED /* LaunchScreen.storyboard */,
				69163414210AE78D004AB0ED /* Info.plist */,
			);
			path = h3SwiftApp;
			sourceTree = "<group>";
		};
		6916341A210AE7A6004AB0ED /* Frameworks */ = {
			isa = PBXGroup;
			children = (
				6916341B210AE7A7004AB0ED /* h3Swift.framework */,
			);
			name = Frameworks;
			sourceTree = "<group>";
		};
/* End PBXGroup section */

/* Begin PBXHeadersBuildPhase section */
		691633E1210AE1EC004AB0ED /* Headers */ = {
			isa = PBXHeadersBuildPhase;
			buildActionMask = 2147483647;
			files = (
				691633E9210AE1EC004AB0ED /* h3Swift.h in Headers */,
			);
			runOnlyForDeploymentPostprocessing = 0;
		};
/* End PBXHeadersBuildPhase section */

/* Begin PBXNativeTarget section */
		691633E3210AE1EC004AB0ED /* h3Swift */ = {
			isa = PBXNativeTarget;
			buildConfigurationList = 691633EC210AE1EC004AB0ED /* Build configuration list for PBXNativeTarget "h3Swift" */;
			buildPhases = (
				691633DF210AE1EC004AB0ED /* Sources */,
				691633E0210AE1EC004AB0ED /* Frameworks */,
				691633E1210AE1EC004AB0ED /* Headers */,
				691633E2210AE1EC004AB0ED /* Resources */,
			);
			buildRules = (
			);
			dependencies = (
			);
			name = h3Swift;
			productName = h3Swift;
			productReference = 691633E4210AE1EC004AB0ED /* h3Swift.framework */;
			productType = "com.apple.product-type.framework";
		};
		69163405210AE78C004AB0ED /* h3SwiftApp */ = {
			isa = PBXNativeTarget;
			buildConfigurationList = 69163415210AE78D004AB0ED /* Build configuration list for PBXNativeTarget "h3SwiftApp" */;
			buildPhases = (
				69163402210AE78C004AB0ED /* Sources */,
				69163403210AE78C004AB0ED /* Frameworks */,
				69163404210AE78C004AB0ED /* Resources */,
			);
			buildRules = (
			);
			dependencies = (
				69163419210AE796004AB0ED /* PBXTargetDependency */,
			);
			name = h3SwiftApp;
			productName = h3SwiftApp;
			productReference = 69163406210AE78C004AB0ED /* h3SwiftApp.app */;
			productType = "com.apple.product-type.application";
		};
/* End PBXNativeTarget section */

/* Begin PBXProject section */
		691633DB210AE1EC004AB0ED /* Project object */ = {
			isa = PBXProject;
			attributes = {
				LastSwiftUpdateCheck = 0940;
				LastUpgradeCheck = 0940;
				ORGANIZATIONNAME = Pocket7878;
				TargetAttributes = {
					691633E3210AE1EC004AB0ED = {
						CreatedOnToolsVersion = 9.4.1;
						LastSwiftMigration = 0940;
					};
					691633FB210AE476004AB0ED = {
						CreatedOnToolsVersion = 9.4.1;
					};
					69163405210AE78C004AB0ED = {
						CreatedOnToolsVersion = 9.4.1;
					};
				};
			};
			buildConfigurationList = 691633DE210AE1EC004AB0ED /* Build configuration list for PBXProject "h3Swift" */;
			compatibilityVersion = "Xcode 9.3";
			developmentRegion = en;
			hasScannedForEncodings = 0;
			knownRegions = (
				en,
				Base,
			);
			mainGroup = 691633DA210AE1EC004AB0ED;
			productRefGroup = 691633E5210AE1EC004AB0ED /* Products */;
			projectDirPath = "";
			projectRoot = "";
			targets = (
				691633E3210AE1EC004AB0ED /* h3Swift */,
				691633FB210AE476004AB0ED /* h3Swift-Universal */,
				69163405210AE78C004AB0ED /* h3SwiftApp */,
			);
		};
/* End PBXProject section */

/* Begin PBXResourcesBuildPhase section */
		691633E2210AE1EC004AB0ED /* Resources */ = {
			isa = PBXResourcesBuildPhase;
			buildActionMask = 2147483647;
			files = (
			);
			runOnlyForDeploymentPostprocessing = 0;
		};
		69163404210AE78C004AB0ED /* Resources */ = {
			isa = PBXResourcesBuildPhase;
			buildActionMask = 2147483647;
			files = (
				69163413210AE78D004AB0ED /* LaunchScreen.storyboard in Resources */,
				69163410210AE78D004AB0ED /* Assets.xcassets in Resources */,
				6916340E210AE78C004AB0ED /* Main.storyboard in Resources */,
			);
			runOnlyForDeploymentPostprocessing = 0;
		};
/* End PBXResourcesBuildPhase section */

/* Begin PBXShellScriptBuildPhase section */
		691633FF210AE48A004AB0ED /* ShellScript */ = {
			isa = PBXShellScriptBuildPhase;
			buildActionMask = 2147483647;
			files = (
			);
			inputPaths = (
			);
			outputPaths = (
			);
			runOnlyForDeploymentPostprocessing = 0;
			shellPath = /bin/sh;
			shellScript = "######################\n# Options\n######################\n\nREVEAL_ARCHIVE_IN_FINDER=false\n\nFRAMEWORK_NAME=\"${PROJECT_NAME}\"\n\nSIMULATOR_LIBRARY_PATH=\"${BUILD_DIR}/${CONFIGURATION}-iphonesimulator/${FRAMEWORK_NAME}.framework\"\n\nDEVICE_LIBRARY_PATH=\"${BUILD_DIR}/${CONFIGURATION}-iphoneos/${FRAMEWORK_NAME}.framework\"\n\nUNIVERSAL_LIBRARY_DIR=\"${BUILD_DIR}/${CONFIGURATION}-iphoneuniversal\"\n\nFRAMEWORK=\"${UNIVERSAL_LIBRARY_DIR}/${FRAMEWORK_NAME}.framework\"\n\n\n######################\n# Build Frameworks\n######################\n\nxcodebuild -workspace ../h3.xcworkspace -scheme ${PROJECT_NAME} -sdk iphonesimulator -configuration ${CONFIGURATION} clean build CONFIGURATION_BUILD_DIR=${BUILD_DIR}/${CONFIGURATION}-iphonesimulator 2>&1\n\nxcodebuild -workspace ../h3.xcworkspace -scheme ${PROJECT_NAME} -sdk iphoneos -configuration ${CONFIGURATION} clean build CONFIGURATION_BUILD_DIR=${BUILD_DIR}/${CONFIGURATION}-iphoneos 2>&1\n\n######################\n# Create directory for universal\n######################\n\nrm -rf \"${UNIVERSAL_LIBRARY_DIR}\"\n\nmkdir \"${UNIVERSAL_LIBRARY_DIR}\"\n\nmkdir \"${FRAMEWORK}\"\n\n\n######################\n# Copy files Framework\n######################\n\ncp -r \"${DEVICE_LIBRARY_PATH}/.\" \"${FRAMEWORK}\"\n\n\n######################\n# Make an universal binary\n######################\n\nlipo \"${SIMULATOR_LIBRARY_PATH}/${FRAMEWORK_NAME}\" \"${DEVICE_LIBRARY_PATH}/${FRAMEWORK_NAME}\" -create -output \"${FRAMEWORK}/${FRAMEWORK_NAME}\" | echo\n\n# For Swift framework, Swiftmodule needs to be copied in the universal framework\nif [ -d \"${SIMULATOR_LIBRARY_PATH}/Modules/${FRAMEWORK_NAME}.swiftmodule/\" ]; then\ncp -f ${SIMULATOR_LIBRARY_PATH}/Modules/${FRAMEWORK_NAME}.swiftmodule/* \"${FRAMEWORK}/Modules/${FRAMEWORK_NAME}.swiftmodule/\" | echo\n                                                                      fi\n                                                                      \n                                                                      if [ -d \"${DEVICE_LIBRARY_PATH}/Modules/${FRAMEWORK_NAME}.swiftmodule/\" ]; then\n                                                                      cp -f ${DEVICE_LIBRARY_PATH}/Modules/${FRAMEWORK_NAME}.swiftmodule/* \"${FRAMEWORK}/Modules/${FRAMEWORK_NAME}.swiftmodule/\" | echo\n                                                                      fi\n                                                                      \n                                                                      ######################\n                                                                      # On Release, copy the result to release directory\n                                                                      ######################\n                                                                      OUTPUT_DIR=\"${PROJECT_DIR}/Output/${FRAMEWORK_NAME}-${CONFIGURATION}-iphoneuniversal/\"\n                                                                      \n                                                                      rm -rf \"$OUTPUT_DIR\"\n                                                                      mkdir -p \"$OUTPUT_DIR\"\n                                                                      \n                                                                      cp -r \"${FRAMEWORK}\" \"$OUTPUT_DIR\"\n                                                                      \n                                                                      if [ ${REVEAL_ARCHIVE_IN_FINDER} = true ]; then\n                                                                      open \"${OUTPUT_DIR}/\"\n                                                                      fi";
		};
/* End PBXShellScriptBuildPhase section */

/* Begin PBXSourcesBuildPhase section */
		691633DF210AE1EC004AB0ED /* Sources */ = {
			isa = PBXSourcesBuildPhase;
			buildActionMask = 2147483647;
			files = (
				69163401210AE76C004AB0ED /* h3.swift in Sources */,
			);
			runOnlyForDeploymentPostprocessing = 0;
		};
		69163402210AE78C004AB0ED /* Sources */ = {
			isa = PBXSourcesBuildPhase;
			buildActionMask = 2147483647;
			files = (
				6916340B210AE78C004AB0ED /* ViewController.swift in Sources */,
				69163409210AE78C004AB0ED /* AppDelegate.swift in Sources */,
			);
			runOnlyForDeploymentPostprocessing = 0;
		};
/* End PBXSourcesBuildPhase section */

/* Begin PBXTargetDependency section */
		69163419210AE796004AB0ED /* PBXTargetDependency */ = {
			isa = PBXTargetDependency;
			target = 691633FB210AE476004AB0ED /* h3Swift-Universal */;
			targetProxy = 69163418210AE796004AB0ED /* PBXContainerItemProxy */;
		};
/* End PBXTargetDependency section */

/* Begin PBXVariantGroup section */
		6916340C210AE78C004AB0ED /* Main.storyboard */ = {
			isa = PBXVariantGroup;
			children = (
				6916340D210AE78C004AB0ED /* Base */,
			);
			name = Main.storyboard;
			sourceTree = "<group>";
		};
		69163411210AE78D004AB0ED /* LaunchScreen.storyboard */ = {
			isa = PBXVariantGroup;
			children = (
				69163412210AE78D004AB0ED /* Base */,
			);
			name = LaunchScreen.storyboard;
			sourceTree = "<group>";
		};
/* End PBXVariantGroup section */

/* Begin XCBuildConfiguration section */
		691633EA210AE1EC004AB0ED /* Debug */ = {
			isa = XCBuildConfiguration;
			buildSettings = {
				ALWAYS_SEARCH_USER_PATHS = NO;
				CLANG_ANALYZER_NONNULL = YES;
				CLANG_ANALYZER_NUMBER_OBJECT_CONVERSION = YES_AGGRESSIVE;
				CLANG_CXX_LANGUAGE_STANDARD = "gnu++14";
				CLANG_CXX_LIBRARY = "libc++";
				CLANG_ENABLE_MODULES = YES;
				CLANG_ENABLE_OBJC_ARC = YES;
				CLANG_ENABLE_OBJC_WEAK = YES;
				CLANG_WARN_BLOCK_CAPTURE_AUTORELEASING = YES;
				CLANG_WARN_BOOL_CONVERSION = YES;
				CLANG_WARN_COMMA = YES;
				CLANG_WARN_CONSTANT_CONVERSION = YES;
				CLANG_WARN_DEPRECATED_OBJC_IMPLEMENTATIONS = YES;
				CLANG_WARN_DIRECT_OBJC_ISA_USAGE = YES_ERROR;
				CLANG_WARN_DOCUMENTATION_COMMENTS = YES;
				CLANG_WARN_EMPTY_BODY = YES;
				CLANG_WARN_ENUM_CONVERSION = YES;
				CLANG_WARN_INFINITE_RECURSION = YES;
				CLANG_WARN_INT_CONVERSION = YES;
				CLANG_WARN_NON_LITERAL_NULL_CONVERSION = YES;
				CLANG_WARN_OBJC_IMPLICIT_RETAIN_SELF = YES;
				CLANG_WARN_OBJC_LITERAL_CONVERSION = YES;
				CLANG_WARN_OBJC_ROOT_CLASS = YES_ERROR;
				CLANG_WARN_RANGE_LOOP_ANALYSIS = YES;
				CLANG_WARN_STRICT_PROTOTYPES = YES;
				CLANG_WARN_SUSPICIOUS_MOVE = YES;
				CLANG_WARN_UNGUARDED_AVAILABILITY = YES_AGGRESSIVE;
				CLANG_WARN_UNREACHABLE_CODE = YES;
				CLANG_WARN__DUPLICATE_METHOD_MATCH = YES;
				CODE_SIGN_IDENTITY = "iPhone Developer";
				COPY_PHASE_STRIP = NO;
				CURRENT_PROJECT_VERSION = 1;
				DEBUG_INFORMATION_FORMAT = dwarf;
				ENABLE_STRICT_OBJC_MSGSEND = YES;
				ENABLE_TESTABILITY = YES;
				GCC_C_LANGUAGE_STANDARD = gnu11;
				GCC_DYNAMIC_NO_PIC = NO;
				GCC_NO_COMMON_BLOCKS = YES;
				GCC_OPTIMIZATION_LEVEL = 0;
				GCC_PREPROCESSOR_DEFINITIONS = (
					"DEBUG=1",
					"$(inherited)",
				);
				GCC_WARN_64_TO_32_BIT_CONVERSION = YES;
				GCC_WARN_ABOUT_RETURN_TYPE = YES_ERROR;
				GCC_WARN_UNDECLARED_SELECTOR = YES;
				GCC_WARN_UNINITIALIZED_AUTOS = YES_AGGRESSIVE;
				GCC_WARN_UNUSED_FUNCTION = YES;
				GCC_WARN_UNUSED_VARIABLE = YES;
				IPHONEOS_DEPLOYMENT_TARGET = 11.4;
				MTL_ENABLE_DEBUG_INFO = YES;
				ONLY_ACTIVE_ARCH = YES;
				SDKROOT = iphoneos;
				SWIFT_ACTIVE_COMPILATION_CONDITIONS = DEBUG;
				SWIFT_OPTIMIZATION_LEVEL = "-Onone";
				VERSIONING_SYSTEM = "apple-generic";
				VERSION_INFO_PREFIX = "";
			};
			name = Debug;
		};
		691633EB210AE1EC004AB0ED /* Release */ = {
			isa = XCBuildConfiguration;
			buildSettings = {
				ALWAYS_SEARCH_USER_PATHS = NO;
				CLANG_ANALYZER_NONNULL = YES;
				CLANG_ANALYZER_NUMBER_OBJECT_CONVERSION = YES_AGGRESSIVE;
				CLANG_CXX_LANGUAGE_STANDARD = "gnu++14";
				CLANG_CXX_LIBRARY = "libc++";
				CLANG_ENABLE_MODULES = YES;
				CLANG_ENABLE_OBJC_ARC = YES;
				CLANG_ENABLE_OBJC_WEAK = YES;
				CLANG_WARN_BLOCK_CAPTURE_AUTORELEASING = YES;
				CLANG_WARN_BOOL_CONVERSION = YES;
				CLANG_WARN_COMMA = YES;
				CLANG_WARN_CONSTANT_CONVERSION = YES;
				CLANG_WARN_DEPRECATED_OBJC_IMPLEMENTATIONS = YES;
				CLANG_WARN_DIRECT_OBJC_ISA_USAGE = YES_ERROR;
				CLANG_WARN_DOCUMENTATION_COMMENTS = YES;
				CLANG_WARN_EMPTY_BODY = YES;
				CLANG_WARN_ENUM_CONVERSION = YES;
				CLANG_WARN_INFINITE_RECURSION = YES;
				CLANG_WARN_INT_CONVERSION = YES;
				CLANG_WARN_NON_LITERAL_NULL_CONVERSION = YES;
				CLANG_WARN_OBJC_IMPLICIT_RETAIN_SELF = YES;
				CLANG_WARN_OBJC_LITERAL_CONVERSION = YES;
				CLANG_WARN_OBJC_ROOT_CLASS = YES_ERROR;
				CLANG_WARN_RANGE_LOOP_ANALYSIS = YES;
				CLANG_WARN_STRICT_PROTOTYPES = YES;
				CLANG_WARN_SUSPICIOUS_MOVE = YES;
				CLANG_WARN_UNGUARDED_AVAILABILITY = YES_AGGRESSIVE;
				CLANG_WARN_UNREACHABLE_CODE = YES;
				CLANG_WARN__DUPLICATE_METHOD_MATCH = YES;
				CODE_SIGN_IDENTITY = "iPhone Developer";
				COPY_PHASE_STRIP = NO;
				CURRENT_PROJECT_VERSION = 1;
				DEBUG_INFORMATION_FORMAT = "dwarf-with-dsym";
				ENABLE_NS_ASSERTIONS = NO;
				ENABLE_STRICT_OBJC_MSGSEND = YES;
				GCC_C_LANGUAGE_STANDARD = gnu11;
				GCC_NO_COMMON_BLOCKS = YES;
				GCC_WARN_64_TO_32_BIT_CONVERSION = YES;
				GCC_WARN_ABOUT_RETURN_TYPE = YES_ERROR;
				GCC_WARN_UNDECLARED_SELECTOR = YES;
				GCC_WARN_UNINITIALIZED_AUTOS = YES_AGGRESSIVE;
				GCC_WARN_UNUSED_FUNCTION = YES;
				GCC_WARN_UNUSED_VARIABLE = YES;
				IPHONEOS_DEPLOYMENT_TARGET = 11.4;
				MTL_ENABLE_DEBUG_INFO = NO;
				SDKROOT = iphoneos;
				SWIFT_COMPILATION_MODE = wholemodule;
				SWIFT_OPTIMIZATION_LEVEL = "-O";
				VALIDATE_PRODUCT = YES;
				VERSIONING_SYSTEM = "apple-generic";
				VERSION_INFO_PREFIX = "";
			};
			name = Release;
		};
		691633ED210AE1EC004AB0ED /* Debug */ = {
			isa = XCBuildConfiguration;
			buildSettings = {
				CLANG_ENABLE_MODULES = YES;
				CODE_SIGN_IDENTITY = "";
				CODE_SIGN_STYLE = Automatic;
				DEFINES_MODULE = YES;
				DEVELOPMENT_TEAM = 52RZX7B7NR;
				DYLIB_COMPATIBILITY_VERSION = 1;
				DYLIB_CURRENT_VERSION = 1;
				DYLIB_INSTALL_NAME_BASE = "@rpath";
				INFOPLIST_FILE = h3Swift/Info.plist;
				INSTALL_PATH = "$(LOCAL_LIBRARY_DIR)/Frameworks";
				IPHONEOS_DEPLOYMENT_TARGET = 8.0;
				LD_RUNPATH_SEARCH_PATHS = (
					"$(inherited)",
					"@executable_path/Frameworks",
					"@loader_path/Frameworks",
				);
				PRODUCT_BUNDLE_IDENTIFIER = jp.pocket7878.h3Swift;
				PRODUCT_NAME = "$(TARGET_NAME:c99extidentifier)";
				SKIP_INSTALL = YES;
				SWIFT_OPTIMIZATION_LEVEL = "-Onone";
				SWIFT_VERSION = 4.0;
				TARGETED_DEVICE_FAMILY = "1,2";
				VALID_ARCHS = "arm64 armv7 armv7s x86_64 i386";
			};
			name = Debug;
		};
		691633EE210AE1EC004AB0ED /* Release */ = {
			isa = XCBuildConfiguration;
			buildSettings = {
				CLANG_ENABLE_MODULES = YES;
				CODE_SIGN_IDENTITY = "";
				CODE_SIGN_STYLE = Automatic;
				DEFINES_MODULE = YES;
				DEVELOPMENT_TEAM = 52RZX7B7NR;
				DYLIB_COMPATIBILITY_VERSION = 1;
				DYLIB_CURRENT_VERSION = 1;
				DYLIB_INSTALL_NAME_BASE = "@rpath";
				INFOPLIST_FILE = h3Swift/Info.plist;
				INSTALL_PATH = "$(LOCAL_LIBRARY_DIR)/Frameworks";
				IPHONEOS_DEPLOYMENT_TARGET = 8.0;
				LD_RUNPATH_SEARCH_PATHS = (
					"$(inherited)",
					"@executable_path/Frameworks",
					"@loader_path/Frameworks",
				);
				PRODUCT_BUNDLE_IDENTIFIER = jp.pocket7878.h3Swift;
				PRODUCT_NAME = "$(TARGET_NAME:c99extidentifier)";
				SKIP_INSTALL = YES;
				SWIFT_VERSION = 4.0;
				TARGETED_DEVICE_FAMILY = "1,2";
				VALID_ARCHS = "arm64 armv7 armv7s x86_64 i386";
			};
			name = Release;
		};
		691633FC210AE476004AB0ED /* Debug */ = {
			isa = XCBuildConfiguration;
			buildSettings = {
				CODE_SIGN_STYLE = Automatic;
				DEVELOPMENT_TEAM = 52RZX7B7NR;
				PRODUCT_NAME = "$(TARGET_NAME)";
			};
			name = Debug;
		};
		691633FD210AE476004AB0ED /* Release */ = {
			isa = XCBuildConfiguration;
			buildSettings = {
				CODE_SIGN_STYLE = Automatic;
				DEVELOPMENT_TEAM = 52RZX7B7NR;
				PRODUCT_NAME = "$(TARGET_NAME)";
			};
			name = Release;
		};
		69163416210AE78D004AB0ED /* Debug */ = {
			isa = XCBuildConfiguration;
			buildSettings = {
				ASSETCATALOG_COMPILER_APPICON_NAME = AppIcon;
				CODE_SIGN_STYLE = Automatic;
				DEVELOPMENT_TEAM = 52RZX7B7NR;
				FRAMEWORK_SEARCH_PATHS = (
					"$(inherited)",
					"$(PROJECT_DIR)/Output/h3Swift-Debug-iphoneuniversal",
				);
				INFOPLIST_FILE = h3SwiftApp/Info.plist;
				LD_RUNPATH_SEARCH_PATHS = (
					"$(inherited)",
					"@executable_path/Frameworks",
				);
				PRODUCT_BUNDLE_IDENTIFIER = jp.pocket7878.h3SwiftApp;
				PRODUCT_NAME = "$(TARGET_NAME)";
				SWIFT_VERSION = 4.0;
				TARGETED_DEVICE_FAMILY = "1,2";
			};
			name = Debug;
		};
		69163417210AE78D004AB0ED /* Release */ = {
			isa = XCBuildConfiguration;
			buildSettings = {
				ASSETCATALOG_COMPILER_APPICON_NAME = AppIcon;
				CODE_SIGN_STYLE = Automatic;
				DEVELOPMENT_TEAM = 52RZX7B7NR;
				FRAMEWORK_SEARCH_PATHS = (
					"$(inherited)",
					"$(PROJECT_DIR)/Output/h3Swift-Debug-iphoneuniversal",
				);
				INFOPLIST_FILE = h3SwiftApp/Info.plist;
				LD_RUNPATH_SEARCH_PATHS = (
					"$(inherited)",
					"@executable_path/Frameworks",
				);
				PRODUCT_BUNDLE_IDENTIFIER = jp.pocket7878.h3SwiftApp;
				PRODUCT_NAME = "$(TARGET_NAME)";
				SWIFT_VERSION = 4.0;
				TARGETED_DEVICE_FAMILY = "1,2";
			};
			name = Release;
		};
/* End XCBuildConfiguration section */

/* Begin XCConfigurationList section */
		691633DE210AE1EC004AB0ED /* Build configuration list for PBXProject "h3Swift" */ = {
			isa = XCConfigurationList;
			buildConfigurations = (
				691633EA210AE1EC004AB0ED /* Debug */,
				691633EB210AE1EC004AB0ED /* Release */,
			);
			defaultConfigurationIsVisible = 0;
			defaultConfigurationName = Release;
		};
		691633EC210AE1EC004AB0ED /* Build configuration list for PBXNativeTarget "h3Swift" */ = {
			isa = XCConfigurationList;
			buildConfigurations = (
				691633ED210AE1EC004AB0ED /* Debug */,
				691633EE210AE1EC004AB0ED /* Release */,
			);
			defaultConfigurationIsVisible = 0;
			defaultConfigurationName = Release;
		};
		691633FE210AE476004AB0ED /* Build configuration list for PBXAggregateTarget "h3Swift-Universal" */ = {
			isa = XCConfigurationList;
			buildConfigurations = (
				691633FC210AE476004AB0ED /* Debug */,
				691633FD210AE476004AB0ED /* Release */,
			);
			defaultConfigurationIsVisible = 0;
			defaultConfigurationName = Release;
		};
		69163415210AE78D004AB0ED /* Build configuration list for PBXNativeTarget "h3SwiftApp" */ = {
			isa = XCConfigurationList;
			buildConfigurations = (
				69163416210AE78D004AB0ED /* Debug */,
				69163417210AE78D004AB0ED /* Release */,
			);
			defaultConfigurationIsVisible = 0;
			defaultConfigurationName = Release;
		};
/* End XCConfigurationList section */
	};
	rootObject = 691633DB210AE1EC004AB0ED /* Project object */;
}
